
Microsoft Visual Studio Solution File, Format Version 12.00
# Visual Studio Version 17
VisualStudioVersion = 17.7.34202.233
MinimumVisualStudioVersion = 10.0.40219.1
Project("{9A19103F-16F7-4668-BE54-9A1E7A4F7556}") = "Expedition RegionTools", "Expedition RegionTools.csproj", "{8B3C0BA4-AC4B-42D5-A9E5-21654B28CC27}"
EndProject
Global
	GlobalSection(SolutionConfigurationPlatforms) = preSolution
		Debug|Any CPU = Debug|Any CPU
		Release|Any CPU = Release|Any CPU
	EndGlobalSection
	GlobalSection(ProjectConfigurationPlatforms) = postSolution
		{8B3C0BA4-AC4B-42D5-A9E5-21654B28CC27}.Debug|Any CPU.ActiveCfg = Debug|Any CPU
		{8B3C0BA4-AC4B-42D5-A9E5-21654B28CC27}.Debug|Any CPU.Build.0 = Debug|Any CPU
		{8B3C0BA4-AC4B-42D5-A9E5-21654B28CC27}.Release|Any CPU.ActiveCfg = Release|Any CPU
		{8B3C0BA4-AC4B-42D5-A9E5-21654B28CC27}.Release|Any CPU.Build.0 = Release|Any CPU
	EndGlobalSection
	GlobalSection(SolutionProperties) = preSolution
		HideSolutionNode = FALSE
	EndGlobalSection
	GlobalSection(ExtensibilityGlobals) = postSolution
		SolutionGuid = {78692793-B58D-467B-9DE6-6C87C76C0E51}
	EndGlobalSection
EndGlobal
